
Microsoft Visual Studio Solution File, Format Version 12.00
# Visual Studio 15
VisualStudioVersion = 15.0.28010.2046
MinimumVisualStudioVersion = 10.0.40219.1
Project("{FAE04EC0-301F-11D3-BF4B-00C04F79EFBC}") = "MockTrialTabulation", "MockTrialTabulation\MockTrialTabulation.csproj", "{FBDD1D48-FFCE-4C09-B6BB-223D3603EC84}"
EndProject
Global
	GlobalSection(SolutionConfigurationPlatforms) = preSolution
		Debug|Any CPU = Debug|Any CPU
		Debug|x64 = Debug|x64
		Release|Any CPU = Release|Any CPU
		Release|x64 = Release|x64
	EndGlobalSection
	GlobalSection(ProjectConfigurationPlatforms) = postSolution
		{FBDD1D48-FFCE-4C09-B6BB-223D3603EC84}.Debug|Any CPU.ActiveCfg = Debug|Any CPU
		{FBDD1D48-FFCE-4C09-B6BB-223D3603EC84}.Debug|Any CPU.Build.0 = Debug|Any CPU
		{FBDD1D48-FFCE-4C09-B6BB-223D3603EC84}.Debug|x64.ActiveCfg = Debug|x64
		{FBDD1D48-FFCE-4C09-B6BB-223D3603EC84}.Debug|x64.Build.0 = Debug|x64
		{FBDD1D48-FFCE-4C09-B6BB-223D3603EC84}.Release|Any CPU.ActiveCfg = Release|Any CPU
		{FBDD1D48-FFCE-4C09-B6BB-223D3603EC84}.Release|Any CPU.Build.0 = Release|Any CPU
		{FBDD1D48-FFCE-4C09-B6BB-223D3603EC84}.Release|x64.ActiveCfg = Release|x64
		{FBDD1D48-FFCE-4C09-B6BB-223D3603EC84}.Release|x64.Build.0 = Release|x64
	EndGlobalSection
	GlobalSection(SolutionProperties) = preSolution
		HideSolutionNode = FALSE
	EndGlobalSection
	GlobalSection(ExtensibilityGlobals) = postSolution
		SolutionGuid = {9B7F438F-27BB-4B4F-9A8B-96CC43F2872C}
	EndGlobalSection
EndGlobal
